
Microsoft Visual Studio Solution File, Format Version 12.00
# Visual Studio Version 16
VisualStudioVersion = 16.0.29911.84
MinimumVisualStudioVersion = 10.0.40219.1
Project("{FAE04EC0-301F-11D3-BF4B-00C04F79EFBC}") = "isad157_project", "isad157_project\isad157_project.csproj", "{AB5033A7-ED77-44BC-A3FA-ABD47CFB079A}"
EndProject
Global
	GlobalSection(SolutionConfigurationPlatforms) = preSolution
		Debug|Any CPU = Debug|Any CPU
		Release|Any CPU = Release|Any CPU
	EndGlobalSection
	GlobalSection(ProjectConfigurationPlatforms) = postSolution
		{AB5033A7-ED77-44BC-A3FA-ABD47CFB079A}.Debug|Any CPU.ActiveCfg = Debug|Any CPU
		{AB5033A7-ED77-44BC-A3FA-ABD47CFB079A}.Debug|Any CPU.Build.0 = Debug|Any CPU
		{AB5033A7-ED77-44BC-A3FA-ABD47CFB079A}.Release|Any CPU.ActiveCfg = Release|Any CPU
		{AB5033A7-ED77-44BC-A3FA-ABD47CFB079A}.Release|Any CPU.Build.0 = Release|Any CPU
	EndGlobalSection
	GlobalSection(SolutionProperties) = preSolution
		HideSolutionNode = FALSE
	EndGlobalSection
	GlobalSection(ExtensibilityGlobals) = postSolution
		SolutionGuid = {4C119430-0F05-4688-89DA-572E32E603F8}
	EndGlobalSection
EndGlobal
